
Microsoft Visual Studio Solution File, Format Version 12.00
# Visual Studio Version 17
VisualStudioVersion = 17.14.36414.22
MinimumVisualStudioVersion = 10.0.40219.1
Project("{2150E333-8FDC-42A3-9474-1A3956D46DE8}") = "Task0", "Task0", "{02EA681E-C7D8-13C7-8484-4AC65E1B71E8}"
EndProject
Project("{2150E333-8FDC-42A3-9474-1A3956D46DE8}") = "Task1", "Task1", "{B1E742BE-13D1-4C28-BA24-7E11BA76E813}"
EndProject
Project("{2150E333-8FDC-42A3-9474-1A3956D46DE8}") = "Task2", "Task2", "{7182CAE8-66D5-4C7B-9B7C-7C513810799D}"
EndProject
Project("{2150E333-8FDC-42A3-9474-1A3956D46DE8}") = "Task3", "Task3", "{EA8700A8-D5CC-450C-95E2-EC4CACA98308}"
EndProject
Project("{2150E333-8FDC-42A3-9474-1A3956D46DE8}") = "Task4", "Task4", "{72AA4934-9BB2-4F52-9BF8-F26EB7831419}"
EndProject
Project("{2150E333-8FDC-42A3-9474-1A3956D46DE8}") = "Task5", "Task5", "{81549EAB-37AF-4DC3-8A0F-F72CF4BEA491}"
EndProject
Project("{2150E333-8FDC-42A3-9474-1A3956D46DE8}") = "Task6", "Task6", "{7CBA5560-AE64-40B0-91FC-DBB9929B7040}"
EndProject
Project("{2150E333-8FDC-42A3-9474-1A3956D46DE8}") = "Task7", "Task7", "{44997A22-6E18-4BA5-B056-2BC1D847D497}"
EndProject
Project("{FAE04EC0-301F-11D3-BF4B-00C04F79EFBC}") = "Tyuiu.GaberkornEL.Sprint2.Task0.V21", "Tyuiu.GaberkornEL.Sprint2.Task0.V21\Tyuiu.GaberkornEL.Sprint2.Task0.V21.csproj", "{403EFB09-8282-44DB-8E26-4F34C7116887}"
EndProject
Project("{FAE04EC0-301F-11D3-BF4B-00C04F79EFBC}") = "Tyuiu.GaberkornEL.Sprint2.Task0.V21.Test", "Tyuiu.GaberkornEL.Sprint2.Task0.V21.Test\Tyuiu.GaberkornEL.Sprint2.Task0.V21.Test.csproj", "{66D620E2-5733-4875-AF1E-6D3E9C4E70DB}"
EndProject
Project("{FAE04EC0-301F-11D3-BF4B-00C04F79EFBC}") = "Tyuiu.GaberkornEL.Sprint2.Task0.V21.Lib", "Tyuiu.GaberkornEL.Sprint2.Task0.V21.Lib\Tyuiu.GaberkornEL.Sprint2.Task0.V21.Lib.csproj", "{35D733D8-1EF8-405E-B81B-D73276F180DE}"
EndProject
Project("{FAE04EC0-301F-11D3-BF4B-00C04F79EFBC}") = "Tyuiu.GaberkornEL.Sprint2.Task1.V17", "Tyuiu.GaberkornEL.Sprint2.Task1.V17\Tyuiu.GaberkornEL.Sprint2.Task1.V17.csproj", "{A8CCF226-C79C-452A-8EC4-5DD6A4D8A40F}"
EndProject
Project("{FAE04EC0-301F-11D3-BF4B-00C04F79EFBC}") = "Tyuiu.GaberkornEL.Sprint2.Task1.V17.Lib", "Tyuiu.GaberkornEL.Sprint2.Task1.V17.Lib\Tyuiu.GaberkornEL.Sprint2.Task1.V17.Lib.csproj", "{EC5D0359-4E00-4CD9-A6AC-14286688443E}"
EndProject
Project("{FAE04EC0-301F-11D3-BF4B-00C04F79EFBC}") = "Tyuiu.GaberkornEL.Sprint2.Task1.V17.Test", "Tyuiu.GaberkornEL.Sprint2.Task1.V17.Test\Tyuiu.GaberkornEL.Sprint2.Task1.V17.Test.csproj", "{3738B8E4-5BC1-49B9-9830-0299B4677863}"
EndProject
Project("{FAE04EC0-301F-11D3-BF4B-00C04F79EFBC}") = "Tyuiu.GaberkornEL.Sprint2.Task2.V14", "Tyuiu.GaberkornEL.Sprint2.Task2.V14\Tyuiu.GaberkornEL.Sprint2.Task2.V14.csproj", "{5B54E44B-819C-462B-8C5B-BC459DCB2C5A}"
EndProject
Project("{FAE04EC0-301F-11D3-BF4B-00C04F79EFBC}") = "Tyuiu.GaberkornEL.Sprint2.Task2.V14.Test", "Tyuiu.GaberkornEL.Sprint2.Task2.V14.Test\Tyuiu.GaberkornEL.Sprint2.Task2.V14.Test.csproj", "{80B877D9-C8CC-4AC4-A60A-645645D931A2}"
EndProject
Project("{FAE04EC0-301F-11D3-BF4B-00C04F79EFBC}") = "Tyuiu.GaberkornEL.Sprint2.Task2.V14.Lib", "Tyuiu.GaberkornEL.Sprint2.Task2.V14.Lib\Tyuiu.GaberkornEL.Sprint2.Task2.V14.Lib.csproj", "{7FC7B39D-BB1A-4423-951C-6A850E6FC438}"
EndProject
Project("{FAE04EC0-301F-11D3-BF4B-00C04F79EFBC}") = "Tyuiu.GaberkornEL.Sprint2.Task3.V27", "Tyuiu.GaberkornEL.Sprint2.Task3.V27\Tyuiu.GaberkornEL.Sprint2.Task3.V27.csproj", "{C61DE519-6743-4126-9DAC-E32578241293}"
EndProject
Project("{FAE04EC0-301F-11D3-BF4B-00C04F79EFBC}") = "Tyuiu.GaberkornEL.Sprint2.Task3.V27.Lib", "Tyuiu.GaberkornEL.Sprint2.Task3.V27.Lib\Tyuiu.GaberkornEL.Sprint2.Task3.V27.Lib.csproj", "{A85DE214-F9A5-42EE-987C-2EFC1EEE7C3A}"
EndProject
Project("{FAE04EC0-301F-11D3-BF4B-00C04F79EFBC}") = "Tyuiu.GaberkornEL.Sprint2.Task3.V27.Test", "Tyuiu.GaberkornEL.Sprint2.Task3.V27.Test\Tyuiu.GaberkornEL.Sprint2.Task3.V27.Test.csproj", "{2AF79AC2-E21F-446C-86BF-3AADCF689F31}"
EndProject
Project("{FAE04EC0-301F-11D3-BF4B-00C04F79EFBC}") = "Tyuiu.GaberkornEL.Sprint2.Task4.V27", "Tyuiu.GaberkornEL.Sprint2.Task4.V27\Tyuiu.GaberkornEL.Sprint2.Task4.V27.csproj", "{A0CDFFD2-D1A4-43FD-83D5-81BED9F3096C}"
EndProject
Project("{FAE04EC0-301F-11D3-BF4B-00C04F79EFBC}") = "Tyuiu.GaberkornEL.Sprint2.Task4.V27.Lib", "Tyuiu.GaberkornEL.Sprint2.Task4.V27.Lib\Tyuiu.GaberkornEL.Sprint2.Task4.V27.Lib.csproj", "{972198D0-6403-4911-95A6-B2F8761441A8}"
EndProject
Project("{FAE04EC0-301F-11D3-BF4B-00C04F79EFBC}") = "Tyuiu.GaberkornEL.Sprint2.Task4.V27.Test", "Tyuiu.GaberkornEL.Sprint2.Task4.V27.Test\Tyuiu.GaberkornEL.Sprint2.Task4.V27.Test.csproj", "{B0D9EC25-8575-48EB-B9EC-22110DDDAC12}"
EndProject
Project("{FAE04EC0-301F-11D3-BF4B-00C04F79EFBC}") = "Tyuiu.GaberkornEL.Sprint2.Task5.V8", "Tyuiu.GaberkornEL.Sprint2.Task5.V8\Tyuiu.GaberkornEL.Sprint2.Task5.V8.csproj", "{7F560AE4-4470-43B3-A71D-C9B235E657E0}"
EndProject
Project("{FAE04EC0-301F-11D3-BF4B-00C04F79EFBC}") = "Tyuiu.GaberkornEL.Sprint2.Task5.V8.Lib", "Tyuiu.GaberkornEL.Sprint2.Task5.V8.Lib\Tyuiu.GaberkornEL.Sprint2.Task5.V8.Lib.csproj", "{69CBFBBB-7B17-4F07-8EC9-71222B554963}"
EndProject
Project("{FAE04EC0-301F-11D3-BF4B-00C04F79EFBC}") = "Tyuiu.GaberkornEL.Sprint2.Task5.V8.Test", "Tyuiu.GaberkornEL.Sprint2.Task5.V8.Test\Tyuiu.GaberkornEL.Sprint2.Task5.V8.Test.csproj", "{B6722985-DFF5-4154-995B-0CD3FF3BA449}"
EndProject
Project("{FAE04EC0-301F-11D3-BF4B-00C04F79EFBC}") = "Tyuiu.GaberkornEL.Sprint2.Task6.V14", "Tyuiu.GaberkornEL.Sprint2.Task6.V14\Tyuiu.GaberkornEL.Sprint2.Task6.V14.csproj", "{93E93F41-1701-46BD-B472-C6A6A09162B0}"
EndProject
Project("{FAE04EC0-301F-11D3-BF4B-00C04F79EFBC}") = "Tyuiu.GaberkornEL.Sprint2.Task6.V14.Lib", "Tyuiu.GaberkornEL.Sprint2.Task6.V14.Lib\Tyuiu.GaberkornEL.Sprint2.Task6.V14.Lib.csproj", "{6E9A0950-41C9-4C9E-974D-CED733BF9581}"
EndProject
Project("{FAE04EC0-301F-11D3-BF4B-00C04F79EFBC}") = "Tyuiu.GaberkornEL.Sprint2.Task6.V14.Test", "Tyuiu.GaberkornEL.Sprint2.Task6.V14.Test\Tyuiu.GaberkornEL.Sprint2.Task6.V14.Test.csproj", "{F7CF0746-472B-48C3-9089-6DACB4FD1DB0}"
EndProject
Global
	GlobalSection(SolutionConfigurationPlatforms) = preSolution
		Debug|Any CPU = Debug|Any CPU
		Release|Any CPU = Release|Any CPU
	EndGlobalSection
	GlobalSection(ProjectConfigurationPlatforms) = postSolution
		{403EFB09-8282-44DB-8E26-4F34C7116887}.Debug|Any CPU.ActiveCfg = Debug|Any CPU
		{403EFB09-8282-44DB-8E26-4F34C7116887}.Debug|Any CPU.Build.0 = Debug|Any CPU
		{403EFB09-8282-44DB-8E26-4F34C7116887}.Release|Any CPU.ActiveCfg = Release|Any CPU
		{403EFB09-8282-44DB-8E26-4F34C7116887}.Release|Any CPU.Build.0 = Release|Any CPU
		{66D620E2-5733-4875-AF1E-6D3E9C4E70DB}.Debug|Any CPU.ActiveCfg = Debug|Any CPU
		{66D620E2-5733-4875-AF1E-6D3E9C4E70DB}.Debug|Any CPU.Build.0 = Debug|Any CPU
		{66D620E2-5733-4875-AF1E-6D3E9C4E70DB}.Release|Any CPU.ActiveCfg = Release|Any CPU
		{66D620E2-5733-4875-AF1E-6D3E9C4E70DB}.Release|Any CPU.Build.0 = Release|Any CPU
		{35D733D8-1EF8-405E-B81B-D73276F180DE}.Debug|Any CPU.ActiveCfg = Debug|Any CPU
		{35D733D8-1EF8-405E-B81B-D73276F180DE}.Debug|Any CPU.Build.0 = Debug|Any CPU
		{35D733D8-1EF8-405E-B81B-D73276F180DE}.Release|Any CPU.ActiveCfg = Release|Any CPU
		{35D733D8-1EF8-405E-B81B-D73276F180DE}.Release|Any CPU.Build.0 = Release|Any CPU
		{A8CCF226-C79C-452A-8EC4-5DD6A4D8A40F}.Debug|Any CPU.ActiveCfg = Debug|Any CPU
		{A8CCF226-C79C-452A-8EC4-5DD6A4D8A40F}.Debug|Any CPU.Build.0 = Debug|Any CPU
		{A8CCF226-C79C-452A-8EC4-5DD6A4D8A40F}.Release|Any CPU.ActiveCfg = Release|Any CPU
		{A8CCF226-C79C-452A-8EC4-5DD6A4D8A40F}.Release|Any CPU.Build.0 = Release|Any CPU
		{EC5D0359-4E00-4CD9-A6AC-14286688443E}.Debug|Any CPU.ActiveCfg = Debug|Any CPU
		{EC5D0359-4E00-4CD9-A6AC-14286688443E}.Debug|Any CPU.Build.0 = Debug|Any CPU
		{EC5D0359-4E00-4CD9-A6AC-14286688443E}.Release|Any CPU.ActiveCfg = Release|Any CPU
		{EC5D0359-4E00-4CD9-A6AC-14286688443E}.Release|Any CPU.Build.0 = Release|Any CPU
		{3738B8E4-5BC1-49B9-9830-0299B4677863}.Debug|Any CPU.ActiveCfg = Debug|Any CPU
		{3738B8E4-5BC1-49B9-9830-0299B4677863}.Debug|Any CPU.Build.0 = Debug|Any CPU
		{3738B8E4-5BC1-49B9-9830-0299B4677863}.Release|Any CPU.ActiveCfg = Release|Any CPU
		{3738B8E4-5BC1-49B9-9830-0299B4677863}.Release|Any CPU.Build.0 = Release|Any CPU
		{5B54E44B-819C-462B-8C5B-BC459DCB2C5A}.Debug|Any CPU.ActiveCfg = Debug|Any CPU
		{5B54E44B-819C-462B-8C5B-BC459DCB2C5A}.Debug|Any CPU.Build.0 = Debug|Any CPU
		{5B54E44B-819C-462B-8C5B-BC459DCB2C5A}.Release|Any CPU.ActiveCfg = Release|Any CPU
		{5B54E44B-819C-462B-8C5B-BC459DCB2C5A}.Release|Any CPU.Build.0 = Release|Any CPU
		{80B877D9-C8CC-4AC4-A60A-645645D931A2}.Debug|Any CPU.ActiveCfg = Debug|Any CPU
		{80B877D9-C8CC-4AC4-A60A-645645D931A2}.Debug|Any CPU.Build.0 = Debug|Any CPU
		{80B877D9-C8CC-4AC4-A60A-645645D931A2}.Release|Any CPU.ActiveCfg = Release|Any CPU
		{80B877D9-C8CC-4AC4-A60A-645645D931A2}.Release|Any CPU.Build.0 = Release|Any CPU
		{7FC7B39D-BB1A-4423-951C-6A850E6FC438}.Debug|Any CPU.ActiveCfg = Debug|Any CPU
		{7FC7B39D-BB1A-4423-951C-6A850E6FC438}.Debug|Any CPU.Build.0 = Debug|Any CPU
		{7FC7B39D-BB1A-4423-951C-6A850E6FC438}.Release|Any CPU.ActiveCfg = Release|Any CPU
		{7FC7B39D-BB1A-4423-951C-6A850E6FC438}.Release|Any CPU.Build.0 = Release|Any CPU
		{C61DE519-6743-4126-9DAC-E32578241293}.Debug|Any CPU.ActiveCfg = Debug|Any CPU
		{C61DE519-6743-4126-9DAC-E32578241293}.Debug|Any CPU.Build.0 = Debug|Any CPU
		{C61DE519-6743-4126-9DAC-E32578241293}.Release|Any CPU.ActiveCfg = Release|Any CPU
		{C61DE519-6743-4126-9DAC-E32578241293}.Release|Any CPU.Build.0 = Release|Any CPU
		{A85DE214-F9A5-42EE-987C-2EFC1EEE7C3A}.Debug|Any CPU.ActiveCfg = Debug|Any CPU
		{A85DE214-F9A5-42EE-987C-2EFC1EEE7C3A}.Debug|Any CPU.Build.0 = Debug|Any CPU
		{A85DE214-F9A5-42EE-987C-2EFC1EEE7C3A}.Release|Any CPU.ActiveCfg = Release|Any CPU
		{A85DE214-F9A5-42EE-987C-2EFC1EEE7C3A}.Release|Any CPU.Build.0 = Release|Any CPU
		{2AF79AC2-E21F-446C-86BF-3AADCF689F31}.Debug|Any CPU.ActiveCfg = Debug|Any CPU
		{2AF79AC2-E21F-446C-86BF-3AADCF689F31}.Debug|Any CPU.Build.0 = Debug|Any CPU
		{2AF79AC2-E21F-446C-86BF-3AADCF689F31}.Release|Any CPU.ActiveCfg = Release|Any CPU
		{2AF79AC2-E21F-446C-86BF-3AADCF689F31}.Release|Any CPU.Build.0 = Release|Any CPU
		{A0CDFFD2-D1A4-43FD-83D5-81BED9F3096C}.Debug|Any CPU.ActiveCfg = Debug|Any CPU
		{A0CDFFD2-D1A4-43FD-83D5-81BED9F3096C}.Debug|Any CPU.Build.0 = Debug|Any CPU
		{A0CDFFD2-D1A4-43FD-83D5-81BED9F3096C}.Release|Any CPU.ActiveCfg = Release|Any CPU
		{A0CDFFD2-D1A4-43FD-83D5-81BED9F3096C}.Release|Any CPU.Build.0 = Release|Any CPU
		{972198D0-6403-4911-95A6-B2F8761441A8}.Debug|Any CPU.ActiveCfg = Debug|Any CPU
		{972198D0-6403-4911-95A6-B2F8761441A8}.Debug|Any CPU.Build.0 = Debug|Any CPU
		{972198D0-6403-4911-95A6-B2F8761441A8}.Release|Any CPU.ActiveCfg = Release|Any CPU
		{972198D0-6403-4911-95A6-B2F8761441A8}.Release|Any CPU.Build.0 = Release|Any CPU
		{B0D9EC25-8575-48EB-B9EC-22110DDDAC12}.Debug|Any CPU.ActiveCfg = Debug|Any CPU
		{B0D9EC25-8575-48EB-B9EC-22110DDDAC12}.Debug|Any CPU.Build.0 = Debug|Any CPU
		{B0D9EC25-8575-48EB-B9EC-22110DDDAC12}.Release|Any CPU.ActiveCfg = Release|Any CPU
		{B0D9EC25-8575-48EB-B9EC-22110DDDAC12}.Release|Any CPU.Build.0 = Release|Any CPU
		{7F560AE4-4470-43B3-A71D-C9B235E657E0}.Debug|Any CPU.ActiveCfg = Debug|Any CPU
		{7F560AE4-4470-43B3-A71D-C9B235E657E0}.Debug|Any CPU.Build.0 = Debug|Any CPU
		{7F560AE4-4470-43B3-A71D-C9B235E657E0}.Release|Any CPU.ActiveCfg = Release|Any CPU
		{7F560AE4-4470-43B3-A71D-C9B235E657E0}.Release|Any CPU.Build.0 = Release|Any CPU
		{69CBFBBB-7B17-4F07-8EC9-71222B554963}.Debug|Any CPU.ActiveCfg = Debug|Any CPU
		{69CBFBBB-7B17-4F07-8EC9-71222B554963}.Debug|Any CPU.Build.0 = Debug|Any CPU
		{69CBFBBB-7B17-4F07-8EC9-71222B554963}.Release|Any CPU.ActiveCfg = Release|Any CPU
		{69CBFBBB-7B17-4F07-8EC9-71222B554963}.Release|Any CPU.Build.0 = Release|Any CPU
		{B6722985-DFF5-4154-995B-0CD3FF3BA449}.Debug|Any CPU.ActiveCfg = Debug|Any CPU
		{B6722985-DFF5-4154-995B-0CD3FF3BA449}.Debug|Any CPU.Build.0 = Debug|Any CPU
		{B6722985-DFF5-4154-995B-0CD3FF3BA449}.Release|Any CPU.ActiveCfg = Release|Any CPU
		{B6722985-DFF5-4154-995B-0CD3FF3BA449}.Release|Any CPU.Build.0 = Release|Any CPU
		{93E93F41-1701-46BD-B472-C6A6A09162B0}.Debug|Any CPU.ActiveCfg = Debug|Any CPU
		{93E93F41-1701-46BD-B472-C6A6A09162B0}.Debug|Any CPU.Build.0 = Debug|Any CPU
		{93E93F41-1701-46BD-B472-C6A6A09162B0}.Release|Any CPU.ActiveCfg = Release|Any CPU
		{93E93F41-1701-46BD-B472-C6A6A09162B0}.Release|Any CPU.Build.0 = Release|Any CPU
		{6E9A0950-41C9-4C9E-974D-CED733BF9581}.Debug|Any CPU.ActiveCfg = Debug|Any CPU
		{6E9A0950-41C9-4C9E-974D-CED733BF9581}.Debug|Any CPU.Build.0 = Debug|Any CPU
		{6E9A0950-41C9-4C9E-974D-CED733BF9581}.Release|Any CPU.ActiveCfg = Release|Any CPU
		{6E9A0950-41C9-4C9E-974D-CED733BF9581}.Release|Any CPU.Build.0 = Release|Any CPU
		{F7CF0746-472B-48C3-9089-6DACB4FD1DB0}.Debug|Any CPU.ActiveCfg = Debug|Any CPU
		{F7CF0746-472B-48C3-9089-6DACB4FD1DB0}.Debug|Any CPU.Build.0 = Debug|Any CPU
		{F7CF0746-472B-48C3-9089-6DACB4FD1DB0}.Release|Any CPU.ActiveCfg = Release|Any CPU
		{F7CF0746-472B-48C3-9089-6DACB4FD1DB0}.Release|Any CPU.Build.0 = Release|Any CPU
	EndGlobalSection
	GlobalSection(SolutionProperties) = preSolution
		HideSolutionNode = FALSE
	EndGlobalSection
	GlobalSection(NestedProjects) = preSolution
		{403EFB09-8282-44DB-8E26-4F34C7116887} = {02EA681E-C7D8-13C7-8484-4AC65E1B71E8}
		{66D620E2-5733-4875-AF1E-6D3E9C4E70DB} = {02EA681E-C7D8-13C7-8484-4AC65E1B71E8}
		{35D733D8-1EF8-405E-B81B-D73276F180DE} = {02EA681E-C7D8-13C7-8484-4AC65E1B71E8}
		{A8CCF226-C79C-452A-8EC4-5DD6A4D8A40F} = {B1E742BE-13D1-4C28-BA24-7E11BA76E813}
		{EC5D0359-4E00-4CD9-A6AC-14286688443E} = {B1E742BE-13D1-4C28-BA24-7E11BA76E813}
		{3738B8E4-5BC1-49B9-9830-0299B4677863} = {B1E742BE-13D1-4C28-BA24-7E11BA76E813}
		{5B54E44B-819C-462B-8C5B-BC459DCB2C5A} = {7182CAE8-66D5-4C7B-9B7C-7C513810799D}
		{80B877D9-C8CC-4AC4-A60A-645645D931A2} = {7182CAE8-66D5-4C7B-9B7C-7C513810799D}
		{7FC7B39D-BB1A-4423-951C-6A850E6FC438} = {7182CAE8-66D5-4C7B-9B7C-7C513810799D}
		{C61DE519-6743-4126-9DAC-E32578241293} = {EA8700A8-D5CC-450C-95E2-EC4CACA98308}
		{A85DE214-F9A5-42EE-987C-2EFC1EEE7C3A} = {EA8700A8-D5CC-450C-95E2-EC4CACA98308}
		{2AF79AC2-E21F-446C-86BF-3AADCF689F31} = {EA8700A8-D5CC-450C-95E2-EC4CACA98308}
		{A0CDFFD2-D1A4-43FD-83D5-81BED9F3096C} = {72AA4934-9BB2-4F52-9BF8-F26EB7831419}
		{972198D0-6403-4911-95A6-B2F8761441A8} = {72AA4934-9BB2-4F52-9BF8-F26EB7831419}
		{B0D9EC25-8575-48EB-B9EC-22110DDDAC12} = {72AA4934-9BB2-4F52-9BF8-F26EB7831419}
		{7F560AE4-4470-43B3-A71D-C9B235E657E0} = {81549EAB-37AF-4DC3-8A0F-F72CF4BEA491}
		{69CBFBBB-7B17-4F07-8EC9-71222B554963} = {81549EAB-37AF-4DC3-8A0F-F72CF4BEA491}
		{B6722985-DFF5-4154-995B-0CD3FF3BA449} = {81549EAB-37AF-4DC3-8A0F-F72CF4BEA491}
		{93E93F41-1701-46BD-B472-C6A6A09162B0} = {7CBA5560-AE64-40B0-91FC-DBB9929B7040}
		{6E9A0950-41C9-4C9E-974D-CED733BF9581} = {7CBA5560-AE64-40B0-91FC-DBB9929B7040}
		{F7CF0746-472B-48C3-9089-6DACB4FD1DB0} = {7CBA5560-AE64-40B0-91FC-DBB9929B7040}
	EndGlobalSection
	GlobalSection(ExtensibilityGlobals) = postSolution
		SolutionGuid = {5CD61B5D-1055-418F-9BC1-914E23AC1009}
	EndGlobalSection
EndGlobal
